// !$*UTF8*$!
{
	archiveVersion = 1;
	classes = {
	};
	objectVersion = 46;
	objects = {

/* Begin PBXBuildFile section */
		98F3D9CE1CB4957E008BF80F /* AppDelegate.swift in Sources */ = {isa = PBXBuildFile; fileRef = 98F3D9CD1CB4957E008BF80F /* AppDelegate.swift */; };
		98F3D9D01CB4957E008BF80F /* ViewController.swift in Sources */ = {isa = PBXBuildFile; fileRef = 98F3D9CF1CB4957E008BF80F /* ViewController.swift */; };
		98F3D9D31CB4957E008BF80F /* Main.storyboard in Resources */ = {isa = PBXBuildFile; fileRef = 98F3D9D11CB4957E008BF80F /* Main.storyboard */; };
		98F3D9D51CB4957E008BF80F /* Assets.xcassets in Resources */ = {isa = PBXBuildFile; fileRef = 98F3D9D41CB4957E008BF80F /* Assets.xcassets */; };
		98F3D9D81CB4957E008BF80F /* LaunchScreen.storyboard in Resources */ = {isa = PBXBuildFile; fileRef = 98F3D9D61CB4957E008BF80F /* LaunchScreen.storyboard */; };
/* End PBXBuildFile section */

/* Begin PBXFileReference section */
		98F3D9CA1CB4957E008BF80F /* auditionApp.app */ = {isa = PBXFileReference; explicitFileType = wrapper.application; includeInIndex = 0; path = auditionApp.app; sourceTree = BUILT_PRODUCTS_DIR; };
		98F3D9CD1CB4957E008BF80F /* AppDelegate.swift */ = {isa = PBXFileReference; lastKnownFileType = sourcecode.swift; path = AppDelegate.swift; sourceTree = "<group>"; };
		98F3D9CF1CB4957E008BF80F /* ViewController.swift */ = {isa = PBXFileReference; lastKnownFileType = sourcecode.swift; path = ViewController.swift; sourceTree = "<group>"; };
		98F3D9D21CB4957E008BF80F /* Base */ = {isa = PBXFileReference; lastKnownFileType = file.storyboard; name = Base; path = Base.lproj/Main.storyboard; sourceTree = "<group>"; };
		98F3D9D41CB4957E008BF80F /* Assets.xcassets */ = {isa = PBXFileReference; lastKnownFileType = folder.assetcatalog; path = Assets.xcassets; sourceTree = "<group>"; };
		98F3D9D71CB4957E008BF80F /* Base */ = {isa = PBXFileReference; lastKnownFileType = file.storyboard; name = Base; path = Base.lproj/LaunchScreen.storyboard; sourceTree = "<group>"; };
		98F3D9D91CB4957E008BF80F /* Info.plist */ = {isa = PBXFileReference; lastKnownFileType = text.plist.xml; path = Info.plist; sourceTree = "<group>"; };
/* End PBXFileReference section */

/* Begin PBXFrameworksBuildPhase section */
		98F3D9C71CB4957E008BF80F /* Frameworks */ = {
			isa = PBXFrameworksBuildPhase;
			buildActionMask = 2147483647;
			files = (
			);
			runOnlyForDeploymentPostprocessing = 0;
		};
/* End PBXFrameworksBuildPhase section */

/* Begin PBXGroup section */
		98F3D9C11CB4957E008BF80F = {
			isa = PBXGroup;
			children = (
				98F3D9CC1CB4957E008BF80F /* auditionApp */,
				98F3D9CB1CB4957E008BF80F /* Products */,
			);
			sourceTree = "<group>";
		};
		98F3D9CB1CB4957E008BF80F /* Products */ = {
			isa = PBXGroup;
			children = (
				98F3D9CA1CB4957E008BF80F /* auditionApp.app */,
			);
			name = Products;
			sourceTree = "<group>";
		};
		98F3D9CC1CB4957E008BF80F /* auditionApp */ = {
			isa = PBXGroup;
			children = (
				98F3D9CD1CB4957E008BF80F /* AppDelegate.swift */,
				98F3D9CF1CB4957E008BF80F /* ViewController.swift */,
				98F3D9D11CB4957E008BF80F /* Main.storyboard */,
				98F3D9D41CB4957E008BF80F /* Assets.xcassets */,
				98F3D9D61CB4957E008BF80F /* LaunchScreen.storyboard */,
				98F3D9D91CB4957E008BF80F /* Info.plist */,
			);
			path = auditionApp;
			sourceTree = "<group>";
		};
/* End PBXGroup section */

/* Begin PBXNativeTarget section */
		98F3D9C91CB4957E008BF80F /* auditionApp */ = {
			isa = PBXNativeTarget;
			buildConfigurationList = 98F3D9DC1CB4957E008BF80F /* Build configuration list for PBXNativeTarget "auditionApp" */;
			buildPhases = (
				98F3D9C61CB4957E008BF80F /* Sources */,
				98F3D9C71CB4957E008BF80F /* Frameworks */,
				98F3D9C81CB4957E008BF80F /* Resources */,
			);
			buildRules = (
			);
			dependencies = (
			);
			name = auditionApp;
			productName = auditionApp;
			productReference = 98F3D9CA1CB4957E008BF80F /* auditionApp.app */;
			productType = "com.apple.product-type.application";
		};
/* End PBXNativeTarget section */

/* Begin PBXProject section */
		98F3D9C21CB4957E008BF80F /* Project object */ = {
			isa = PBXProject;
			attributes = {
				LastSwiftUpdateCheck = 0730;
				LastUpgradeCheck = 0730;
				ORGANIZATIONNAME = "Neill Chua";
				TargetAttributes = {
					98F3D9C91CB4957E008BF80F = {
						CreatedOnToolsVersion = 7.3;
					};
				};
			};
			buildConfigurationList = 98F3D9C51CB4957E008BF80F /* Build configuration list for PBXProject "auditionApp" */;
			compatibilityVersion = "Xcode 3.2";
			developmentRegion = English;
			hasScannedForEncodings = 0;
			knownRegions = (
				en,
				Base,
			);
			mainGroup = 98F3D9C11CB4957E008BF80F;
			productRefGroup = 98F3D9CB1CB4957E008BF80F /* Products */;
			projectDirPath = "";
			projectRoot = "";
			targets = (
				98F3D9C91CB4957E008BF80F /* auditionApp */,
			);
		};
/* End PBXProject section */

/* Begin PBXResourcesBuildPhase section */
		98F3D9C81CB4957E008BF80F /* Resources */ = {
			isa = PBXResourcesBuildPhase;
			buildActionMask = 2147483647;
			files = (
				98F3D9D81CB4957E008BF80F /* LaunchScreen.storyboard in Resources */,
				98F3D9D51CB4957E008BF80F /* Assets.xcassets in Resources */,
				98F3D9D31CB4957E008BF80F /* Main.storyboard in Resources */,
			);
			runOnlyForDeploymentPostprocessing = 0;
		};
/* End PBXResourcesBuildPhase section */

/* Begin PBXSourcesBuildPhase section */
		98F3D9C61CB4957E008BF80F /* Sources */ = {
			isa = PBXSourcesBuildPhase;
			buildActionMask = 2147483647;
			files = (
				98F3D9D01CB4957E008BF80F /* ViewController.swift in Sources */,
				98F3D9CE1CB4957E008BF80F /* AppDelegate.swift in Sources */,
			);
			runOnlyForDeploymentPostprocessing = 0;
		};
/* End PBXSourcesBuildPhase section */

/* Begin PBXVariantGroup section */
		98F3D9D11CB4957E008BF80F /* Main.storyboard */ = {
			isa = PBXVariantGroup;
			children = (
				98F3D9D21CB4957E008BF80F /* Base */,
			);
			name = Main.storyboard;
			sourceTree = "<group>";
		};
		98F3D9D61CB4957E008BF80F /* LaunchScreen.storyboard */ = {
			isa = PBXVariantGroup;
			children = (
				98F3D9D71CB4957E008BF80F /* Base */,
			);
			name = LaunchScreen.storyboard;
			sourceTree = "<group>";
		};
/* End PBXVariantGroup section */

/* Begin XCBuildConfiguration section */
		98F3D9DA1CB4957E008BF80F /* Debug */ = {
			isa = XCBuildConfiguration;
			buildSettings = {
				ALWAYS_SEARCH_USER_PATHS = NO;
				CLANG_CXX_LANGUAGE_STANDARD = "gnu++0x";
				CLANG_CXX_LIBRARY = "libc++";
				CLANG_ENABLE_MODULES = YES;
				CLANG_ENABLE_OBJC_ARC = YES;
				CLANG_WARN_BOOL_CONVERSION = YES;
				CLANG_WARN_CONSTANT_CONVERSION = YES;
				CLANG_WARN_DIRECT_OBJC_ISA_USAGE = YES_ERROR;
				CLANG_WARN_EMPTY_BODY = YES;
				CLANG_WARN_ENUM_CONVERSION = YES;
				CLANG_WARN_INT_CONVERSION = YES;
				CLANG_WARN_OBJC_ROOT_CLASS = YES_ERROR;
				CLANG_WARN_UNREACHABLE_CODE = YES;
				CLANG_WARN__DUPLICATE_METHOD_MATCH = YES;
				"CODE_SIGN_IDENTITY[sdk=iphoneos*]" = "iPhone Developer";
				COPY_PHASE_STRIP = NO;
				DEBUG_INFORMATION_FORMAT = dwarf;
				ENABLE_STRICT_OBJC_MSGSEND = YES;
				ENABLE_TESTABILITY = YES;
				GCC_C_LANGUAGE_STANDARD = gnu99;
				GCC_DYNAMIC_NO_PIC = NO;
				GCC_NO_COMMON_BLOCKS = YES;
				GCC_OPTIMIZATION_LEVEL = 0;
				GCC_PREPROCESSOR_DEFINITIONS = (
					"DEBUG=1",
					"$(inherited)",
				);
				GCC_WARN_64_TO_32_BIT_CONVERSION = YES;
				GCC_WARN_ABOUT_RETURN_TYPE = YES_ERROR;
				GCC_WARN_UNDECLARED_SELECTOR = YES;
				GCC_WARN_UNINITIALIZED_AUTOS = YES_AGGRESSIVE;
				GCC_WARN_UNUSED_FUNCTION = YES;
				GCC_WARN_UNUSED_VARIABLE = YES;
				IPHONEOS_DEPLOYMENT_TARGET = 9.3;
				MTL_ENABLE_DEBUG_INFO = YES;
				ONLY_ACTIVE_ARCH = YES;
				SDKROOT = iphoneos;
				SWIFT_OPTIMIZATION_LEVEL = "-Onone";
			};
			name = Debug;
		};
		98F3D9DB1CB4957E008BF80F /* Release */ = {
			isa = XCBuildConfiguration;
			buildSettings = {
				ALWAYS_SEARCH_USER_PATHS = NO;
				CLANG_CXX_LANGUAGE_STANDARD = "gnu++0x";
				CLANG_CXX_LIBRARY = "libc++";
				CLANG_ENABLE_MODULES = YES;
				CLANG_ENABLE_OBJC_ARC = YES;
				CLANG_WARN_BOOL_CONVERSION = YES;
				CLANG_WARN_CONSTANT_CONVERSION = YES;
				CLANG_WARN_DIRECT_OBJC_ISA_USAGE = YES_ERROR;
				CLANG_WARN_EMPTY_BODY = YES;
				CLANG_WARN_ENUM_CONVERSION = YES;
				CLANG_WARN_INT_CONVERSION = YES;
				CLANG_WARN_OBJC_ROOT_CLASS = YES_ERROR;
				CLANG_WARN_UNREACHABLE_CODE = YES;
				CLANG_WARN__DUPLICATE_METHOD_MATCH = YES;
				"CODE_SIGN_IDENTITY[sdk=iphoneos*]" = "iPhone Developer";
				COPY_PHASE_STRIP = NO;
				DEBUG_INFORMATION_FORMAT = "dwarf-with-dsym";
				ENABLE_NS_ASSERTIONS = NO;
				ENABLE_STRICT_OBJC_MSGSEND = YES;
				GCC_C_LANGUAGE_STANDARD = gnu99;
				GCC_NO_COMMON_BLOCKS = YES;
				GCC_WARN_64_TO_32_BIT_CONVERSION = YES;
				GCC_WARN_ABOUT_RETURN_TYPE = YES_ERROR;
				GCC_WARN_UNDECLARED_SELECTOR = YES;
				GCC_WARN_UNINITIALIZED_AUTOS = YES_AGGRESSIVE;
				GCC_WARN_UNUSED_FUNCTION = YES;
				GCC_WARN_UNUSED_VARIABLE = YES;
				IPHONEOS_DEPLOYMENT_TARGET = 9.3;
				MTL_ENABLE_DEBUG_INFO = NO;
				SDKROOT = iphoneos;
				VALIDATE_PRODUCT = YES;
			};
			name = Release;
		};
		98F3D9DD1CB4957E008BF80F /* Debug */ = {
			isa = XCBuildConfiguration;
			buildSettings = {
				ASSETCATALOG_COMPILER_APPICON_NAME = AppIcon;
				INFOPLIST_FILE = auditionApp/Info.plist;
				LD_RUNPATH_SEARCH_PATHS = "$(inherited) @executable_path/Frameworks";
				PRODUCT_BUNDLE_IDENTIFIER = com.neillchua.auditionApp;
				PRODUCT_NAME = "$(TARGET_NAME)";
			};
			name = Debug;
		};
		98F3D9DE1CB4957E008BF80F /* Release */ = {
			isa = XCBuildConfiguration;
			buildSettings = {
				ASSETCATALOG_COMPILER_APPICON_NAME = AppIcon;
				INFOPLIST_FILE = auditionApp/Info.plist;
				LD_RUNPATH_SEARCH_PATHS = "$(inherited) @executable_path/Frameworks";
				PRODUCT_BUNDLE_IDENTIFIER = com.neillchua.auditionApp;
				PRODUCT_NAME = "$(TARGET_NAME)";
			};
			name = Release;
		};
/* End XCBuildConfiguration section */

/* Begin XCConfigurationList section */
		98F3D9C51CB4957E008BF80F /* Build configuration list for PBXProject "auditionApp" */ = {
			isa = XCConfigurationList;
			buildConfigurations = (
				98F3D9DA1CB4957E008BF80F /* Debug */,
				98F3D9DB1CB4957E008BF80F /* Release */,
			);
			defaultConfigurationIsVisible = 0;
			defaultConfigurationName = Release;
		};
		98F3D9DC1CB4957E008BF80F /* Build configuration list for PBXNativeTarget "auditionApp" */ = {
			isa = XCConfigurationList;
			buildConfigurations = (
				98F3D9DD1CB4957E008BF80F /* Debug */,
				98F3D9DE1CB4957E008BF80F /* Release */,
			);
			defaultConfigurationIsVisible = 0;
		};
/* End XCConfigurationList section */
	};
	rootObject = 98F3D9C21CB4957E008BF80F /* Project object */;
}
